
Microsoft Visual Studio Solution File, Format Version 12.00
# Visual Studio 15
Project("{FAE04EC0-301F-11D3-BF4B-00C04F79EFBC}") = "XFKitchenSink.Android", "XFKitchenSink.Android\XFKitchenSink.Android.csproj", "{9B1C2D50-D9E5-4D66-9C23-B44291FD839B}"
EndProject
Project("{FAE04EC0-301F-11D3-BF4B-00C04F79EFBC}") = "XFKitchenSink.iOS", "XFKitchenSink.iOS\XFKitchenSink.iOS.csproj", "{03FCE51C-4D6A-4183-AB14-70FFFC5613B9}"
EndProject
Project("{FAE04EC0-301F-11D3-BF4B-00C04F79EFBC}") = "XFKitchenSink", "XFKitchenSink\XFKitchenSink.csproj", "{B9C4FE73-36C1-469C-AB5B-62801A6C0B1F}"
EndProject
Global
	GlobalSection(SolutionConfigurationPlatforms) = preSolution
		Debug|Any CPU = Debug|Any CPU
		Release|Any CPU = Release|Any CPU
		Debug|iPhoneSimulator = Debug|iPhoneSimulator
		Release|iPhoneSimulator = Release|iPhoneSimulator
		Debug|iPhone = Debug|iPhone
		Release|iPhone = Release|iPhone
	EndGlobalSection
	GlobalSection(ProjectConfigurationPlatforms) = postSolution
		{9B1C2D50-D9E5-4D66-9C23-B44291FD839B}.Debug|Any CPU.ActiveCfg = Debug|Any CPU
		{9B1C2D50-D9E5-4D66-9C23-B44291FD839B}.Debug|Any CPU.Build.0 = Debug|Any CPU
		{9B1C2D50-D9E5-4D66-9C23-B44291FD839B}.Release|Any CPU.ActiveCfg = Release|Any CPU
		{9B1C2D50-D9E5-4D66-9C23-B44291FD839B}.Release|Any CPU.Build.0 = Release|Any CPU
		{9B1C2D50-D9E5-4D66-9C23-B44291FD839B}.Debug|iPhoneSimulator.ActiveCfg = Debug|Any CPU
		{9B1C2D50-D9E5-4D66-9C23-B44291FD839B}.Debug|iPhoneSimulator.Build.0 = Debug|Any CPU
		{9B1C2D50-D9E5-4D66-9C23-B44291FD839B}.Release|iPhoneSimulator.ActiveCfg = Release|Any CPU
		{9B1C2D50-D9E5-4D66-9C23-B44291FD839B}.Release|iPhoneSimulator.Build.0 = Release|Any CPU
		{9B1C2D50-D9E5-4D66-9C23-B44291FD839B}.Debug|iPhone.ActiveCfg = Debug|Any CPU
		{9B1C2D50-D9E5-4D66-9C23-B44291FD839B}.Debug|iPhone.Build.0 = Debug|Any CPU
		{9B1C2D50-D9E5-4D66-9C23-B44291FD839B}.Release|iPhone.ActiveCfg = Release|Any CPU
		{9B1C2D50-D9E5-4D66-9C23-B44291FD839B}.Release|iPhone.Build.0 = Release|Any CPU
		{03FCE51C-4D6A-4183-AB14-70FFFC5613B9}.Debug|Any CPU.ActiveCfg = Debug|iPhoneSimulator
		{03FCE51C-4D6A-4183-AB14-70FFFC5613B9}.Debug|Any CPU.Build.0 = Debug|iPhoneSimulator
		{03FCE51C-4D6A-4183-AB14-70FFFC5613B9}.Release|Any CPU.ActiveCfg = Release|iPhoneSimulator
		{03FCE51C-4D6A-4183-AB14-70FFFC5613B9}.Release|Any CPU.Build.0 = Release|iPhoneSimulator
		{03FCE51C-4D6A-4183-AB14-70FFFC5613B9}.Debug|iPhoneSimulator.ActiveCfg = Debug|iPhoneSimulator
		{03FCE51C-4D6A-4183-AB14-70FFFC5613B9}.Debug|iPhoneSimulator.Build.0 = Debug|iPhoneSimulator
		{03FCE51C-4D6A-4183-AB14-70FFFC5613B9}.Release|iPhoneSimulator.ActiveCfg = Release|iPhoneSimulator
		{03FCE51C-4D6A-4183-AB14-70FFFC5613B9}.Release|iPhoneSimulator.Build.0 = Release|iPhoneSimulator
		{03FCE51C-4D6A-4183-AB14-70FFFC5613B9}.Debug|iPhone.ActiveCfg = Debug|iPhone
		{03FCE51C-4D6A-4183-AB14-70FFFC5613B9}.Debug|iPhone.Build.0 = Debug|iPhone
		{03FCE51C-4D6A-4183-AB14-70FFFC5613B9}.Release|iPhone.ActiveCfg = Release|iPhone
		{03FCE51C-4D6A-4183-AB14-70FFFC5613B9}.Release|iPhone.Build.0 = Release|iPhone
		{B9C4FE73-36C1-469C-AB5B-62801A6C0B1F}.Debug|Any CPU.ActiveCfg = Debug|Any CPU
		{B9C4FE73-36C1-469C-AB5B-62801A6C0B1F}.Debug|Any CPU.Build.0 = Debug|Any CPU
		{B9C4FE73-36C1-469C-AB5B-62801A6C0B1F}.Release|Any CPU.ActiveCfg = Release|Any CPU
		{B9C4FE73-36C1-469C-AB5B-62801A6C0B1F}.Release|Any CPU.Build.0 = Release|Any CPU
		{B9C4FE73-36C1-469C-AB5B-62801A6C0B1F}.Debug|iPhoneSimulator.ActiveCfg = Debug|Any CPU
		{B9C4FE73-36C1-469C-AB5B-62801A6C0B1F}.Debug|iPhoneSimulator.Build.0 = Debug|Any CPU
		{B9C4FE73-36C1-469C-AB5B-62801A6C0B1F}.Release|iPhoneSimulator.ActiveCfg = Release|Any CPU
		{B9C4FE73-36C1-469C-AB5B-62801A6C0B1F}.Release|iPhoneSimulator.Build.0 = Release|Any CPU
		{B9C4FE73-36C1-469C-AB5B-62801A6C0B1F}.Debug|iPhone.ActiveCfg = Debug|Any CPU
		{B9C4FE73-36C1-469C-AB5B-62801A6C0B1F}.Debug|iPhone.Build.0 = Debug|Any CPU
		{B9C4FE73-36C1-469C-AB5B-62801A6C0B1F}.Release|iPhone.ActiveCfg = Release|Any CPU
		{B9C4FE73-36C1-469C-AB5B-62801A6C0B1F}.Release|iPhone.Build.0 = Release|Any CPU
	EndGlobalSection
EndGlobal
